
Microsoft Visual Studio Solution File, Format Version 12.00
# Visual Studio Version 17
VisualStudioVersion = 17.3.32825.248
MinimumVisualStudioVersion = 10.0.40219.1
Project("{FAE04EC0-301F-11D3-BF4B-00C04F79EFBC}") = "FileDetails", "FileDetails\FileDetails.csproj", "{D52E7117-4052-4F1B-905E-F2DE838C5066}"
EndProject
Global
	GlobalSection(SolutionConfigurationPlatforms) = preSolution
		Debug|Any CPU = Debug|Any CPU
		Release|Any CPU = Release|Any CPU
	EndGlobalSection
	GlobalSection(ProjectConfigurationPlatforms) = postSolution
		{D52E7117-4052-4F1B-905E-F2DE838C5066}.Debug|Any CPU.ActiveCfg = Debug|Any CPU
		{D52E7117-4052-4F1B-905E-F2DE838C5066}.Debug|Any CPU.Build.0 = Debug|Any CPU
		{D52E7117-4052-4F1B-905E-F2DE838C5066}.Release|Any CPU.ActiveCfg = Release|Any CPU
		{D52E7117-4052-4F1B-905E-F2DE838C5066}.Release|Any CPU.Build.0 = Release|Any CPU
	EndGlobalSection
	GlobalSection(SolutionProperties) = preSolution
		HideSolutionNode = FALSE
	EndGlobalSection
	GlobalSection(ExtensibilityGlobals) = postSolution
		SolutionGuid = {83D2A710-578B-4334-87CB-44B98EC678C4}
	EndGlobalSection
EndGlobal
