
Microsoft Visual Studio Solution File, Format Version 12.00
# Visual Studio Version 17
VisualStudioVersion = 17.10.35013.160
MinimumVisualStudioVersion = 10.0.40219.1
Project("{FAE04EC0-301F-11D3-BF4B-00C04F79EFBC}") = "Task3", "Task3.csproj", "{DB969FF9-3A4A-4C86-A8ED-9B5573E1C8D5}"
EndProject
Global
	GlobalSection(SolutionConfigurationPlatforms) = preSolution
		Debug|Any CPU = Debug|Any CPU
		Release|Any CPU = Release|Any CPU
	EndGlobalSection
	GlobalSection(ProjectConfigurationPlatforms) = postSolution
		{DB969FF9-3A4A-4C86-A8ED-9B5573E1C8D5}.Debug|Any CPU.ActiveCfg = Debug|Any CPU
		{DB969FF9-3A4A-4C86-A8ED-9B5573E1C8D5}.Debug|Any CPU.Build.0 = Debug|Any CPU
		{DB969FF9-3A4A-4C86-A8ED-9B5573E1C8D5}.Release|Any CPU.ActiveCfg = Release|Any CPU
		{DB969FF9-3A4A-4C86-A8ED-9B5573E1C8D5}.Release|Any CPU.Build.0 = Release|Any CPU
	EndGlobalSection
	GlobalSection(SolutionProperties) = preSolution
		HideSolutionNode = FALSE
	EndGlobalSection
	GlobalSection(ExtensibilityGlobals) = postSolution
		SolutionGuid = {9BC1DC38-9A7F-4D68-A297-032F0D0C6DD7}
	EndGlobalSection
EndGlobal
