
Microsoft Visual Studio Solution File, Format Version 12.00
# Visual Studio Version 17
VisualStudioVersion = 17.10.35013.160
MinimumVisualStudioVersion = 10.0.40219.1
Project("{FAE04EC0-301F-11D3-BF4B-00C04F79EFBC}") = "Task3_part2", "Task3_part2.csproj", "{B7D0869E-7BC1-4957-B76C-8AF0E7194F98}"
EndProject
Global
	GlobalSection(SolutionConfigurationPlatforms) = preSolution
		Debug|Any CPU = Debug|Any CPU
		Release|Any CPU = Release|Any CPU
	EndGlobalSection
	GlobalSection(ProjectConfigurationPlatforms) = postSolution
		{B7D0869E-7BC1-4957-B76C-8AF0E7194F98}.Debug|Any CPU.ActiveCfg = Debug|Any CPU
		{B7D0869E-7BC1-4957-B76C-8AF0E7194F98}.Debug|Any CPU.Build.0 = Debug|Any CPU
		{B7D0869E-7BC1-4957-B76C-8AF0E7194F98}.Release|Any CPU.ActiveCfg = Release|Any CPU
		{B7D0869E-7BC1-4957-B76C-8AF0E7194F98}.Release|Any CPU.Build.0 = Release|Any CPU
	EndGlobalSection
	GlobalSection(SolutionProperties) = preSolution
		HideSolutionNode = FALSE
	EndGlobalSection
	GlobalSection(ExtensibilityGlobals) = postSolution
		SolutionGuid = {A80E63C4-B344-4217-9945-447FC9FF90D9}
	EndGlobalSection
EndGlobal
