
Microsoft Visual Studio Solution File, Format Version 12.00
# Visual Studio Version 17
VisualStudioVersion = 17.3.32825.248
MinimumVisualStudioVersion = 10.0.40219.1
Project("{FAE04EC0-301F-11D3-BF4B-00C04F79EFBC}") = "Lab_10", "Lab_10.csproj", "{701B5DEE-B4B4-44F9-A026-ED07EEE0380C}"
EndProject
Global
	GlobalSection(SolutionConfigurationPlatforms) = preSolution
		Debug|Any CPU = Debug|Any CPU
		Release|Any CPU = Release|Any CPU
	EndGlobalSection
	GlobalSection(ProjectConfigurationPlatforms) = postSolution
		{701B5DEE-B4B4-44F9-A026-ED07EEE0380C}.Debug|Any CPU.ActiveCfg = Debug|Any CPU
		{701B5DEE-B4B4-44F9-A026-ED07EEE0380C}.Debug|Any CPU.Build.0 = Debug|Any CPU
		{701B5DEE-B4B4-44F9-A026-ED07EEE0380C}.Release|Any CPU.ActiveCfg = Release|Any CPU
		{701B5DEE-B4B4-44F9-A026-ED07EEE0380C}.Release|Any CPU.Build.0 = Release|Any CPU
	EndGlobalSection
	GlobalSection(SolutionProperties) = preSolution
		HideSolutionNode = FALSE
	EndGlobalSection
	GlobalSection(ExtensibilityGlobals) = postSolution
		SolutionGuid = {8A197893-2046-493D-84B6-549C18B7642D}
	EndGlobalSection
EndGlobal
